
Microsoft Visual Studio Solution File, Format Version 12.00
# Visual Studio Version 17
VisualStudioVersion = 17.4.33103.184
MinimumVisualStudioVersion = 10.0.40219.1
Project("{FAE04EC0-301F-11D3-BF4B-00C04F79EFBC}") = "NCRPO_Mailing", "NCRPO_Mailing\NCRPO_Mailing.csproj", "{B17F1396-010C-4AF2-88BF-73F4505EE6C6}"
EndProject
Global
	GlobalSection(SolutionConfigurationPlatforms) = preSolution
		Debug|Any CPU = Debug|Any CPU
		Release|Any CPU = Release|Any CPU
	EndGlobalSection
	GlobalSection(ProjectConfigurationPlatforms) = postSolution
		{B17F1396-010C-4AF2-88BF-73F4505EE6C6}.Debug|Any CPU.ActiveCfg = Debug|Any CPU
		{B17F1396-010C-4AF2-88BF-73F4505EE6C6}.Debug|Any CPU.Build.0 = Debug|Any CPU
		{B17F1396-010C-4AF2-88BF-73F4505EE6C6}.Release|Any CPU.ActiveCfg = Release|Any CPU
		{B17F1396-010C-4AF2-88BF-73F4505EE6C6}.Release|Any CPU.Build.0 = Release|Any CPU
	EndGlobalSection
	GlobalSection(SolutionProperties) = preSolution
		HideSolutionNode = FALSE
	EndGlobalSection
	GlobalSection(ExtensibilityGlobals) = postSolution
		SolutionGuid = {475204EC-3B2F-46D2-B4A1-BE940464093A}
	EndGlobalSection
EndGlobal
